// !$*UTF8*$!
{
	archiveVersion = 1;
	classes = {
	};
	objectVersion = 56;
	objects = {

/* Begin PBXBuildFile section */
		968F14BE2A54237800BD333A /* AppDelegate.swift in Sources */ = {isa = PBXBuildFile; fileRef = 968F14BD2A54237800BD333A /* AppDelegate.swift */; };
		968F14C02A54237800BD333A /* SceneDelegate.swift in Sources */ = {isa = PBXBuildFile; fileRef = 968F14BF2A54237800BD333A /* SceneDelegate.swift */; };
		968F14C22A54237800BD333A /* ViewController.swift in Sources */ = {isa = PBXBuildFile; fileRef = 968F14C12A54237800BD333A /* ViewController.swift */; };
		968F14C52A54237800BD333A /* Main.storyboard in Resources */ = {isa = PBXBuildFile; fileRef = 968F14C32A54237800BD333A /* Main.storyboard */; };
		968F14C72A54237A00BD333A /* Assets.xcassets in Resources */ = {isa = PBXBuildFile; fileRef = 968F14C62A54237A00BD333A /* Assets.xcassets */; };
		968F14CA2A54237A00BD333A /* LaunchScreen.storyboard in Resources */ = {isa = PBXBuildFile; fileRef = 968F14C82A54237A00BD333A /* LaunchScreen.storyboard */; };
		968F14D52A54237A00BD333A /* counter2Tests.swift in Sources */ = {isa = PBXBuildFile; fileRef = 968F14D42A54237A00BD333A /* counter2Tests.swift */; };
		968F14DF2A54237A00BD333A /* counter2UITests.swift in Sources */ = {isa = PBXBuildFile; fileRef = 968F14DE2A54237A00BD333A /* counter2UITests.swift */; };
		968F14E12A54237A00BD333A /* counter2UITestsLaunchTests.swift in Sources */ = {isa = PBXBuildFile; fileRef = 968F14E02A54237A00BD333A /* counter2UITestsLaunchTests.swift */; };
/* End PBXBuildFile section */

/* Begin PBXContainerItemProxy section */
		968F14D12A54237A00BD333A /* PBXContainerItemProxy */ = {
			isa = PBXContainerItemProxy;
			containerPortal = 968F14B22A54237800BD333A /* Project object */;
			proxyType = 1;
			remoteGlobalIDString = 968F14B92A54237800BD333A;
			remoteInfo = counter2;
		};
		968F14DB2A54237A00BD333A /* PBXContainerItemProxy */ = {
			isa = PBXContainerItemProxy;
			containerPortal = 968F14B22A54237800BD333A /* Project object */;
			proxyType = 1;
			remoteGlobalIDString = 968F14B92A54237800BD333A;
			remoteInfo = counter2;
		};
/* End PBXContainerItemProxy section */

/* Begin PBXFileReference section */
		968F14BA2A54237800BD333A /* counter2.app */ = {isa = PBXFileReference; explicitFileType = wrapper.application; includeInIndex = 0; path = counter2.app; sourceTree = BUILT_PRODUCTS_DIR; };
		968F14BD2A54237800BD333A /* AppDelegate.swift */ = {isa = PBXFileReference; lastKnownFileType = sourcecode.swift; path = AppDelegate.swift; sourceTree = "<group>"; };
		968F14BF2A54237800BD333A /* SceneDelegate.swift */ = {isa = PBXFileReference; lastKnownFileType = sourcecode.swift; path = SceneDelegate.swift; sourceTree = "<group>"; };
		968F14C12A54237800BD333A /* ViewController.swift */ = {isa = PBXFileReference; lastKnownFileType = sourcecode.swift; path = ViewController.swift; sourceTree = "<group>"; };
		968F14C42A54237800BD333A /* Base */ = {isa = PBXFileReference; lastKnownFileType = file.storyboard; name = Base; path = Base.lproj/Main.storyboard; sourceTree = "<group>"; };
		968F14C62A54237A00BD333A /* Assets.xcassets */ = {isa = PBXFileReference; lastKnownFileType = folder.assetcatalog; path = Assets.xcassets; sourceTree = "<group>"; };
		968F14C92A54237A00BD333A /* Base */ = {isa = PBXFileReference; lastKnownFileType = file.storyboard; name = Base; path = Base.lproj/LaunchScreen.storyboard; sourceTree = "<group>"; };
		968F14CB2A54237A00BD333A /* Info.plist */ = {isa = PBXFileReference; lastKnownFileType = text.plist.xml; path = Info.plist; sourceTree = "<group>"; };
		968F14D02A54237A00BD333A /* counter2Tests.xctest */ = {isa = PBXFileReference; explicitFileType = wrapper.cfbundle; includeInIndex = 0; path = counter2Tests.xctest; sourceTree = BUILT_PRODUCTS_DIR; };
		968F14D42A54237A00BD333A /* counter2Tests.swift */ = {isa = PBXFileReference; lastKnownFileType = sourcecode.swift; path = counter2Tests.swift; sourceTree = "<group>"; };
		968F14DA2A54237A00BD333A /* counter2UITests.xctest */ = {isa = PBXFileReference; explicitFileType = wrapper.cfbundle; includeInIndex = 0; path = counter2UITests.xctest; sourceTree = BUILT_PRODUCTS_DIR; };
		968F14DE2A54237A00BD333A /* counter2UITests.swift */ = {isa = PBXFileReference; lastKnownFileType = sourcecode.swift; path = counter2UITests.swift; sourceTree = "<group>"; };
		968F14E02A54237A00BD333A /* counter2UITestsLaunchTests.swift */ = {isa = PBXFileReference; lastKnownFileType = sourcecode.swift; path = counter2UITestsLaunchTests.swift; sourceTree = "<group>"; };
/* End PBXFileReference section */

/* Begin PBXFrameworksBuildPhase section */
		968F14B72A54237800BD333A /* Frameworks */ = {
			isa = PBXFrameworksBuildPhase;
			buildActionMask = 2147483647;
			files = (
			);
			runOnlyForDeploymentPostprocessing = 0;
		};
		968F14CD2A54237A00BD333A /* Frameworks */ = {
			isa = PBXFrameworksBuildPhase;
			buildActionMask = 2147483647;
			files = (
			);
			runOnlyForDeploymentPostprocessing = 0;
		};
		968F14D72A54237A00BD333A /* Frameworks */ = {
			isa = PBXFrameworksBuildPhase;
			buildActionMask = 2147483647;
			files = (
			);
			runOnlyForDeploymentPostprocessing = 0;
		};
/* End PBXFrameworksBuildPhase section */

/* Begin PBXGroup section */
		968F14B12A54237800BD333A = {
			isa = PBXGroup;
			children = (
				968F14BC2A54237800BD333A /* counter2 */,
				968F14D32A54237A00BD333A /* counter2Tests */,
				968F14DD2A54237A00BD333A /* counter2UITests */,
				968F14BB2A54237800BD333A /* Products */,
			);
			sourceTree = "<group>";
		};
		968F14BB2A54237800BD333A /* Products */ = {
			isa = PBXGroup;
			children = (
				968F14BA2A54237800BD333A /* counter2.app */,
				968F14D02A54237A00BD333A /* counter2Tests.xctest */,
				968F14DA2A54237A00BD333A /* counter2UITests.xctest */,
			);
			name = Products;
			sourceTree = "<group>";
		};
		968F14BC2A54237800BD333A /* counter2 */ = {
			isa = PBXGroup;
			children = (
				968F14BD2A54237800BD333A /* AppDelegate.swift */,
				968F14BF2A54237800BD333A /* SceneDelegate.swift */,
				968F14C12A54237800BD333A /* ViewController.swift */,
				968F14C32A54237800BD333A /* Main.storyboard */,
				968F14C62A54237A00BD333A /* Assets.xcassets */,
				968F14C82A54237A00BD333A /* LaunchScreen.storyboard */,
				968F14CB2A54237A00BD333A /* Info.plist */,
			);
			path = counter2;
			sourceTree = "<group>";
		};
		968F14D32A54237A00BD333A /* counter2Tests */ = {
			isa = PBXGroup;
			children = (
				968F14D42A54237A00BD333A /* counter2Tests.swift */,
			);
			path = counter2Tests;
			sourceTree = "<group>";
		};
		968F14DD2A54237A00BD333A /* counter2UITests */ = {
			isa = PBXGroup;
			children = (
				968F14DE2A54237A00BD333A /* counter2UITests.swift */,
				968F14E02A54237A00BD333A /* counter2UITestsLaunchTests.swift */,
			);
			path = counter2UITests;
			sourceTree = "<group>";
		};
/* End PBXGroup section */

/* Begin PBXNativeTarget section */
		968F14B92A54237800BD333A /* counter2 */ = {
			isa = PBXNativeTarget;
			buildConfigurationList = 968F14E42A54237A00BD333A /* Build configuration list for PBXNativeTarget "counter2" */;
			buildPhases = (
				968F14B62A54237800BD333A /* Sources */,
				968F14B72A54237800BD333A /* Frameworks */,
				968F14B82A54237800BD333A /* Resources */,
			);
			buildRules = (
			);
			dependencies = (
			);
			name = counter2;
			productName = counter2;
			productReference = 968F14BA2A54237800BD333A /* counter2.app */;
			productType = "com.apple.product-type.application";
		};
		968F14CF2A54237A00BD333A /* counter2Tests */ = {
			isa = PBXNativeTarget;
			buildConfigurationList = 968F14E72A54237A00BD333A /* Build configuration list for PBXNativeTarget "counter2Tests" */;
			buildPhases = (
				968F14CC2A54237A00BD333A /* Sources */,
				968F14CD2A54237A00BD333A /* Frameworks */,
				968F14CE2A54237A00BD333A /* Resources */,
			);
			buildRules = (
			);
			dependencies = (
				968F14D22A54237A00BD333A /* PBXTargetDependency */,
			);
			name = counter2Tests;
			productName = counter2Tests;
			productReference = 968F14D02A54237A00BD333A /* counter2Tests.xctest */;
			productType = "com.apple.product-type.bundle.unit-test";
		};
		968F14D92A54237A00BD333A /* counter2UITests */ = {
			isa = PBXNativeTarget;
			buildConfigurationList = 968F14EA2A54237A00BD333A /* Build configuration list for PBXNativeTarget "counter2UITests" */;
			buildPhases = (
				968F14D62A54237A00BD333A /* Sources */,
				968F14D72A54237A00BD333A /* Frameworks */,
				968F14D82A54237A00BD333A /* Resources */,
			);
			buildRules = (
			);
			dependencies = (
				968F14DC2A54237A00BD333A /* PBXTargetDependency */,
			);
			name = counter2UITests;
			productName = counter2UITests;
			productReference = 968F14DA2A54237A00BD333A /* counter2UITests.xctest */;
			productType = "com.apple.product-type.bundle.ui-testing";
		};
/* End PBXNativeTarget section */

/* Begin PBXProject section */
		968F14B22A54237800BD333A /* Project object */ = {
			isa = PBXProject;
			attributes = {
				BuildIndependentTargetsInParallel = 1;
				LastSwiftUpdateCheck = 1420;
				LastUpgradeCheck = 1420;
				TargetAttributes = {
					968F14B92A54237800BD333A = {
						CreatedOnToolsVersion = 14.2;
					};
					968F14CF2A54237A00BD333A = {
						CreatedOnToolsVersion = 14.2;
						TestTargetID = 968F14B92A54237800BD333A;
					};
					968F14D92A54237A00BD333A = {
						CreatedOnToolsVersion = 14.2;
						TestTargetID = 968F14B92A54237800BD333A;
					};
				};
			};
			buildConfigurationList = 968F14B52A54237800BD333A /* Build configuration list for PBXProject "counter2" */;
			compatibilityVersion = "Xcode 14.0";
			developmentRegion = en;
			hasScannedForEncodings = 0;
			knownRegions = (
				en,
				Base,
			);
			mainGroup = 968F14B12A54237800BD333A;
			productRefGroup = 968F14BB2A54237800BD333A /* Products */;
			projectDirPath = "";
			projectRoot = "";
			targets = (
				968F14B92A54237800BD333A /* counter2 */,
				968F14CF2A54237A00BD333A /* counter2Tests */,
				968F14D92A54237A00BD333A /* counter2UITests */,
			);
		};
/* End PBXProject section */

/* Begin PBXResourcesBuildPhase section */
		968F14B82A54237800BD333A /* Resources */ = {
			isa = PBXResourcesBuildPhase;
			buildActionMask = 2147483647;
			files = (
				968F14CA2A54237A00BD333A /* LaunchScreen.storyboard in Resources */,
				968F14C72A54237A00BD333A /* Assets.xcassets in Resources */,
				968F14C52A54237800BD333A /* Main.storyboard in Resources */,
			);
			runOnlyForDeploymentPostprocessing = 0;
		};
		968F14CE2A54237A00BD333A /* Resources */ = {
			isa = PBXResourcesBuildPhase;
			buildActionMask = 2147483647;
			files = (
			);
			runOnlyForDeploymentPostprocessing = 0;
		};
		968F14D82A54237A00BD333A /* Resources */ = {
			isa = PBXResourcesBuildPhase;
			buildActionMask = 2147483647;
			files = (
			);
			runOnlyForDeploymentPostprocessing = 0;
		};
/* End PBXResourcesBuildPhase section */

/* Begin PBXSourcesBuildPhase section */
		968F14B62A54237800BD333A /* Sources */ = {
			isa = PBXSourcesBuildPhase;
			buildActionMask = 2147483647;
			files = (
				968F14C22A54237800BD333A /* ViewController.swift in Sources */,
				968F14BE2A54237800BD333A /* AppDelegate.swift in Sources */,
				968F14C02A54237800BD333A /* SceneDelegate.swift in Sources */,
			);
			runOnlyForDeploymentPostprocessing = 0;
		};
		968F14CC2A54237A00BD333A /* Sources */ = {
			isa = PBXSourcesBuildPhase;
			buildActionMask = 2147483647;
			files = (
				968F14D52A54237A00BD333A /* counter2Tests.swift in Sources */,
			);
			runOnlyForDeploymentPostprocessing = 0;
		};
		968F14D62A54237A00BD333A /* Sources */ = {
			isa = PBXSourcesBuildPhase;
			buildActionMask = 2147483647;
			files = (
				968F14E12A54237A00BD333A /* counter2UITestsLaunchTests.swift in Sources */,
				968F14DF2A54237A00BD333A /* counter2UITests.swift in Sources */,
			);
			runOnlyForDeploymentPostprocessing = 0;
		};
/* End PBXSourcesBuildPhase section */

/* Begin PBXTargetDependency section */
		968F14D22A54237A00BD333A /* PBXTargetDependency */ = {
			isa = PBXTargetDependency;
			target = 968F14B92A54237800BD333A /* counter2 */;
			targetProxy = 968F14D12A54237A00BD333A /* PBXContainerItemProxy */;
		};
		968F14DC2A54237A00BD333A /* PBXTargetDependency */ = {
			isa = PBXTargetDependency;
			target = 968F14B92A54237800BD333A /* counter2 */;
			targetProxy = 968F14DB2A54237A00BD333A /* PBXContainerItemProxy */;
		};
/* End PBXTargetDependency section */

/* Begin PBXVariantGroup section */
		968F14C32A54237800BD333A /* Main.storyboard */ = {
			isa = PBXVariantGroup;
			children = (
				968F14C42A54237800BD333A /* Base */,
			);
			name = Main.storyboard;
			sourceTree = "<group>";
		};
		968F14C82A54237A00BD333A /* LaunchScreen.storyboard */ = {
			isa = PBXVariantGroup;
			children = (
				968F14C92A54237A00BD333A /* Base */,
			);
			name = LaunchScreen.storyboard;
			sourceTree = "<group>";
		};
/* End PBXVariantGroup section */

/* Begin XCBuildConfiguration section */
		968F14E22A54237A00BD333A /* Debug */ = {
			isa = XCBuildConfiguration;
			buildSettings = {
				ALWAYS_SEARCH_USER_PATHS = NO;
				CLANG_ANALYZER_NONNULL = YES;
				CLANG_ANALYZER_NUMBER_OBJECT_CONVERSION = YES_AGGRESSIVE;
				CLANG_CXX_LANGUAGE_STANDARD = "gnu++20";
				CLANG_ENABLE_MODULES = YES;
				CLANG_ENABLE_OBJC_ARC = YES;
				CLANG_ENABLE_OBJC_WEAK = YES;
				CLANG_WARN_BLOCK_CAPTURE_AUTORELEASING = YES;
				CLANG_WARN_BOOL_CONVERSION = YES;
				CLANG_WARN_COMMA = YES;
				CLANG_WARN_CONSTANT_CONVERSION = YES;
				CLANG_WARN_DEPRECATED_OBJC_IMPLEMENTATIONS = YES;
				CLANG_WARN_DIRECT_OBJC_ISA_USAGE = YES_ERROR;
				CLANG_WARN_DOCUMENTATION_COMMENTS = YES;
				CLANG_WARN_EMPTY_BODY = YES;
				CLANG_WARN_ENUM_CONVERSION = YES;
				CLANG_WARN_INFINITE_RECURSION = YES;
				CLANG_WARN_INT_CONVERSION = YES;
				CLANG_WARN_NON_LITERAL_NULL_CONVERSION = YES;
				CLANG_WARN_OBJC_IMPLICIT_RETAIN_SELF = YES;
				CLANG_WARN_OBJC_LITERAL_CONVERSION = YES;
				CLANG_WARN_OBJC_ROOT_CLASS = YES_ERROR;
				CLANG_WARN_QUOTED_INCLUDE_IN_FRAMEWORK_HEADER = YES;
				CLANG_WARN_RANGE_LOOP_ANALYSIS = YES;
				CLANG_WARN_STRICT_PROTOTYPES = YES;
				CLANG_WARN_SUSPICIOUS_MOVE = YES;
				CLANG_WARN_UNGUARDED_AVAILABILITY = YES_AGGRESSIVE;
				CLANG_WARN_UNREACHABLE_CODE = YES;
				CLANG_WARN__DUPLICATE_METHOD_MATCH = YES;
				COPY_PHASE_STRIP = NO;
				DEBUG_INFORMATION_FORMAT = dwarf;
				ENABLE_STRICT_OBJC_MSGSEND = YES;
				ENABLE_TESTABILITY = YES;
				GCC_C_LANGUAGE_STANDARD = gnu11;
				GCC_DYNAMIC_NO_PIC = NO;
				GCC_NO_COMMON_BLOCKS = YES;
				GCC_OPTIMIZATION_LEVEL = 0;
				GCC_PREPROCESSOR_DEFINITIONS = (
					"DEBUG=1",
					"$(inherited)",
				);
				GCC_WARN_64_TO_32_BIT_CONVERSION = YES;
				GCC_WARN_ABOUT_RETURN_TYPE = YES_ERROR;
				GCC_WARN_UNDECLARED_SELECTOR = YES;
				GCC_WARN_UNINITIALIZED_AUTOS = YES_AGGRESSIVE;
				GCC_WARN_UNUSED_FUNCTION = YES;
				GCC_WARN_UNUSED_VARIABLE = YES;
				IPHONEOS_DEPLOYMENT_TARGET = 16.2;
				MTL_ENABLE_DEBUG_INFO = INCLUDE_SOURCE;
				MTL_FAST_MATH = YES;
				ONLY_ACTIVE_ARCH = YES;
				SDKROOT = iphoneos;
				SWIFT_ACTIVE_COMPILATION_CONDITIONS = DEBUG;
				SWIFT_OPTIMIZATION_LEVEL = "-Onone";
			};
			name = Debug;
		};
		968F14E32A54237A00BD333A /* Release */ = {
			isa = XCBuildConfiguration;
			buildSettings = {
				ALWAYS_SEARCH_USER_PATHS = NO;
				CLANG_ANALYZER_NONNULL = YES;
				CLANG_ANALYZER_NUMBER_OBJECT_CONVERSION = YES_AGGRESSIVE;
				CLANG_CXX_LANGUAGE_STANDARD = "gnu++20";
				CLANG_ENABLE_MODULES = YES;
				CLANG_ENABLE_OBJC_ARC = YES;
				CLANG_ENABLE_OBJC_WEAK = YES;
				CLANG_WARN_BLOCK_CAPTURE_AUTORELEASING = YES;
				CLANG_WARN_BOOL_CONVERSION = YES;
				CLANG_WARN_COMMA = YES;
				CLANG_WARN_CONSTANT_CONVERSION = YES;
				CLANG_WARN_DEPRECATED_OBJC_IMPLEMENTATIONS = YES;
				CLANG_WARN_DIRECT_OBJC_ISA_USAGE = YES_ERROR;
				CLANG_WARN_DOCUMENTATION_COMMENTS = YES;
				CLANG_WARN_EMPTY_BODY = YES;
				CLANG_WARN_ENUM_CONVERSION = YES;
				CLANG_WARN_INFINITE_RECURSION = YES;
				CLANG_WARN_INT_CONVERSION = YES;
				CLANG_WARN_NON_LITERAL_NULL_CONVERSION = YES;
				CLANG_WARN_OBJC_IMPLICIT_RETAIN_SELF = YES;
				CLANG_WARN_OBJC_LITERAL_CONVERSION = YES;
				CLANG_WARN_OBJC_ROOT_CLASS = YES_ERROR;
				CLANG_WARN_QUOTED_INCLUDE_IN_FRAMEWORK_HEADER = YES;
				CLANG_WARN_RANGE_LOOP_ANALYSIS = YES;
				CLANG_WARN_STRICT_PROTOTYPES = YES;
				CLANG_WARN_SUSPICIOUS_MOVE = YES;
				CLANG_WARN_UNGUARDED_AVAILABILITY = YES_AGGRESSIVE;
				CLANG_WARN_UNREACHABLE_CODE = YES;
				CLANG_WARN__DUPLICATE_METHOD_MATCH = YES;
				COPY_PHASE_STRIP = NO;
				DEBUG_INFORMATION_FORMAT = "dwarf-with-dsym";
				ENABLE_NS_ASSERTIONS = NO;
				ENABLE_STRICT_OBJC_MSGSEND = YES;
				GCC_C_LANGUAGE_STANDARD = gnu11;
				GCC_NO_COMMON_BLOCKS = YES;
				GCC_WARN_64_TO_32_BIT_CONVERSION = YES;
				GCC_WARN_ABOUT_RETURN_TYPE = YES_ERROR;
				GCC_WARN_UNDECLARED_SELECTOR = YES;
				GCC_WARN_UNINITIALIZED_AUTOS = YES_AGGRESSIVE;
				GCC_WARN_UNUSED_FUNCTION = YES;
				GCC_WARN_UNUSED_VARIABLE = YES;
				IPHONEOS_DEPLOYMENT_TARGET = 16.2;
				MTL_ENABLE_DEBUG_INFO = NO;
				MTL_FAST_MATH = YES;
				SDKROOT = iphoneos;
				SWIFT_COMPILATION_MODE = wholemodule;
				SWIFT_OPTIMIZATION_LEVEL = "-O";
				VALIDATE_PRODUCT = YES;
			};
			name = Release;
		};
		968F14E52A54237A00BD333A /* Debug */ = {
			isa = XCBuildConfiguration;
			buildSettings = {
				ASSETCATALOG_COMPILER_APPICON_NAME = AppIcon;
				ASSETCATALOG_COMPILER_GLOBAL_ACCENT_COLOR_NAME = AccentColor;
				CODE_SIGN_STYLE = Automatic;
				CURRENT_PROJECT_VERSION = 1;
				GENERATE_INFOPLIST_FILE = YES;
				INFOPLIST_FILE = counter2/Info.plist;
				INFOPLIST_KEY_UIApplicationSupportsIndirectInputEvents = YES;
				INFOPLIST_KEY_UILaunchStoryboardName = LaunchScreen;
				INFOPLIST_KEY_UIMainStoryboardFile = Main;
				INFOPLIST_KEY_UISupportedInterfaceOrientations_iPad = "UIInterfaceOrientationPortrait UIInterfaceOrientationPortraitUpsideDown UIInterfaceOrientationLandscapeLeft UIInterfaceOrientationLandscapeRight";
				INFOPLIST_KEY_UISupportedInterfaceOrientations_iPhone = "UIInterfaceOrientationPortrait UIInterfaceOrientationLandscapeLeft UIInterfaceOrientationLandscapeRight";
				LD_RUNPATH_SEARCH_PATHS = (
					"$(inherited)",
					"@executable_path/Frameworks",
				);
				MARKETING_VERSION = 1.0;
				PRODUCT_BUNDLE_IDENTIFIER = com.anfisa.counter2;
				PRODUCT_NAME = "$(TARGET_NAME)";
				SWIFT_EMIT_LOC_STRINGS = YES;
				SWIFT_VERSION = 5.0;
				TARGETED_DEVICE_FAMILY = "1,2";
			};
			name = Debug;
		};
		968F14E62A54237A00BD333A /* Release */ = {
			isa = XCBuildConfiguration;
			buildSettings = {
				ASSETCATALOG_COMPILER_APPICON_NAME = AppIcon;
				ASSETCATALOG_COMPILER_GLOBAL_ACCENT_COLOR_NAME = AccentColor;
				CODE_SIGN_STYLE = Automatic;
				CURRENT_PROJECT_VERSION = 1;
				GENERATE_INFOPLIST_FILE = YES;
				INFOPLIST_FILE = counter2/Info.plist;
				INFOPLIST_KEY_UIApplicationSupportsIndirectInputEvents = YES;
				INFOPLIST_KEY_UILaunchStoryboardName = LaunchScreen;
				INFOPLIST_KEY_UIMainStoryboardFile = Main;
				INFOPLIST_KEY_UISupportedInterfaceOrientations_iPad = "UIInterfaceOrientationPortrait UIInterfaceOrientationPortraitUpsideDown UIInterfaceOrientationLandscapeLeft UIInterfaceOrientationLandscapeRight";
				INFOPLIST_KEY_UISupportedInterfaceOrientations_iPhone = "UIInterfaceOrientationPortrait UIInterfaceOrientationLandscapeLeft UIInterfaceOrientationLandscapeRight";
				LD_RUNPATH_SEARCH_PATHS = (
					"$(inherited)",
					"@executable_path/Frameworks",
				);
				MARKETING_VERSION = 1.0;
				PRODUCT_BUNDLE_IDENTIFIER = com.anfisa.counter2;
				PRODUCT_NAME = "$(TARGET_NAME)";
				SWIFT_EMIT_LOC_STRINGS = YES;
				SWIFT_VERSION = 5.0;
				TARGETED_DEVICE_FAMILY = "1,2";
			};
			name = Release;
		};
		968F14E82A54237A00BD333A /* Debug */ = {
			isa = XCBuildConfiguration;
			buildSettings = {
				ALWAYS_EMBED_SWIFT_STANDARD_LIBRARIES = YES;
				BUNDLE_LOADER = "$(TEST_HOST)";
				CODE_SIGN_STYLE = Automatic;
				CURRENT_PROJECT_VERSION = 1;
				GENERATE_INFOPLIST_FILE = YES;
				IPHONEOS_DEPLOYMENT_TARGET = 16.2;
				MARKETING_VERSION = 1.0;
				PRODUCT_BUNDLE_IDENTIFIER = com.anfisa.counter2Tests;
				PRODUCT_NAME = "$(TARGET_NAME)";
				SWIFT_EMIT_LOC_STRINGS = NO;
				SWIFT_VERSION = 5.0;
				TARGETED_DEVICE_FAMILY = "1,2";
				TEST_HOST = "$(BUILT_PRODUCTS_DIR)/counter2.app/$(BUNDLE_EXECUTABLE_FOLDER_PATH)/counter2";
			};
			name = Debug;
		};
		968F14E92A54237A00BD333A /* Release */ = {
			isa = XCBuildConfiguration;
			buildSettings = {
				ALWAYS_EMBED_SWIFT_STANDARD_LIBRARIES = YES;
				BUNDLE_LOADER = "$(TEST_HOST)";
				CODE_SIGN_STYLE = Automatic;
				CURRENT_PROJECT_VERSION = 1;
				GENERATE_INFOPLIST_FILE = YES;
				IPHONEOS_DEPLOYMENT_TARGET = 16.2;
				MARKETING_VERSION = 1.0;
				PRODUCT_BUNDLE_IDENTIFIER = com.anfisa.counter2Tests;
				PRODUCT_NAME = "$(TARGET_NAME)";
				SWIFT_EMIT_LOC_STRINGS = NO;
				SWIFT_VERSION = 5.0;
				TARGETED_DEVICE_FAMILY = "1,2";
				TEST_HOST = "$(BUILT_PRODUCTS_DIR)/counter2.app/$(BUNDLE_EXECUTABLE_FOLDER_PATH)/counter2";
			};
			name = Release;
		};
		968F14EB2A54237A00BD333A /* Debug */ = {
			isa = XCBuildConfiguration;
			buildSettings = {
				ALWAYS_EMBED_SWIFT_STANDARD_LIBRARIES = YES;
				CODE_SIGN_STYLE = Automatic;
				CURRENT_PROJECT_VERSION = 1;
				GENERATE_INFOPLIST_FILE = YES;
				MARKETING_VERSION = 1.0;
				PRODUCT_BUNDLE_IDENTIFIER = com.anfisa.counter2UITests;
				PRODUCT_NAME = "$(TARGET_NAME)";
				SWIFT_EMIT_LOC_STRINGS = NO;
				SWIFT_VERSION = 5.0;
				TARGETED_DEVICE_FAMILY = "1,2";
				TEST_TARGET_NAME = counter2;
			};
			name = Debug;
		};
		968F14EC2A54237A00BD333A /* Release */ = {
			isa = XCBuildConfiguration;
			buildSettings = {
				ALWAYS_EMBED_SWIFT_STANDARD_LIBRARIES = YES;
				CODE_SIGN_STYLE = Automatic;
				CURRENT_PROJECT_VERSION = 1;
				GENERATE_INFOPLIST_FILE = YES;
				MARKETING_VERSION = 1.0;
				PRODUCT_BUNDLE_IDENTIFIER = com.anfisa.counter2UITests;
				PRODUCT_NAME = "$(TARGET_NAME)";
				SWIFT_EMIT_LOC_STRINGS = NO;
				SWIFT_VERSION = 5.0;
				TARGETED_DEVICE_FAMILY = "1,2";
				TEST_TARGET_NAME = counter2;
			};
			name = Release;
		};
/* End XCBuildConfiguration section */

/* Begin XCConfigurationList section */
		968F14B52A54237800BD333A /* Build configuration list for PBXProject "counter2" */ = {
			isa = XCConfigurationList;
			buildConfigurations = (
				968F14E22A54237A00BD333A /* Debug */,
				968F14E32A54237A00BD333A /* Release */,
			);
			defaultConfigurationIsVisible = 0;
			defaultConfigurationName = Release;
		};
		968F14E42A54237A00BD333A /* Build configuration list for PBXNativeTarget "counter2" */ = {
			isa = XCConfigurationList;
			buildConfigurations = (
				968F14E52A54237A00BD333A /* Debug */,
				968F14E62A54237A00BD333A /* Release */,
			);
			defaultConfigurationIsVisible = 0;
			defaultConfigurationName = Release;
		};
		968F14E72A54237A00BD333A /* Build configuration list for PBXNativeTarget "counter2Tests" */ = {
			isa = XCConfigurationList;
			buildConfigurations = (
				968F14E82A54237A00BD333A /* Debug */,
				968F14E92A54237A00BD333A /* Release */,
			);
			defaultConfigurationIsVisible = 0;
			defaultConfigurationName = Release;
		};
		968F14EA2A54237A00BD333A /* Build configuration list for PBXNativeTarget "counter2UITests" */ = {
			isa = XCConfigurationList;
			buildConfigurations = (
				968F14EB2A54237A00BD333A /* Debug */,
				968F14EC2A54237A00BD333A /* Release */,
			);
			defaultConfigurationIsVisible = 0;
			defaultConfigurationName = Release;
		};
/* End XCConfigurationList section */
	};
	rootObject = 968F14B22A54237800BD333A /* Project object */;
}
